
Microsoft Visual Studio Solution File, Format Version 12.00
# Visual Studio Version 17
VisualStudioVersion = 17.11.35312.102
MinimumVisualStudioVersion = 10.0.40219.1
Project("{FAE04EC0-301F-11D3-BF4B-00C04F79EFBC}") = "Just Another Clock App", "Just Another Clock App\Just Another Clock App.csproj", "{43C26B8A-74ED-465B-BFEF-2A3B15DB5798}"
EndProject
Global
	GlobalSection(SolutionConfigurationPlatforms) = preSolution
		Debug|Any CPU = Debug|Any CPU
		Release|Any CPU = Release|Any CPU
	EndGlobalSection
	GlobalSection(ProjectConfigurationPlatforms) = postSolution
		{43C26B8A-74ED-465B-BFEF-2A3B15DB5798}.Debug|Any CPU.ActiveCfg = Debug|Any CPU
		{43C26B8A-74ED-465B-BFEF-2A3B15DB5798}.Debug|Any CPU.Build.0 = Debug|Any CPU
		{43C26B8A-74ED-465B-BFEF-2A3B15DB5798}.Release|Any CPU.ActiveCfg = Release|Any CPU
		{43C26B8A-74ED-465B-BFEF-2A3B15DB5798}.Release|Any CPU.Build.0 = Release|Any CPU
	EndGlobalSection
	GlobalSection(SolutionProperties) = preSolution
		HideSolutionNode = FALSE
	EndGlobalSection
	GlobalSection(ExtensibilityGlobals) = postSolution
		SolutionGuid = {599B2ED0-E2D9-46CB-9CBD-BFFDA1C4E9DE}
	EndGlobalSection
EndGlobal
